
Microsoft Visual Studio Solution File, Format Version 12.00
# Visual Studio Version 17
VisualStudioVersion = 17.0.32014.148
MinimumVisualStudioVersion = 10.0.40219.1
Project("{FAE04EC0-301F-11D3-BF4B-00C04F79EFBC}") = "Курсач WPF АРМ Заправка", "Курсач WPF АРМ Заправка\Курсач WPF АРМ Заправка.csproj", "{0B355CBB-0134-47EF-A11D-204210C2D64D}"
EndProject
Project("{FAE04EC0-301F-11D3-BF4B-00C04F79EFBC}") = "Курсач WPF АРМ Заправка-Заказ", "Курсач WPF АРМ Заправка-Заказ\Курсач WPF АРМ Заправка-Заказ.csproj", "{DBC94590-6626-4B97-B613-9A923ED6E334}"
EndProject
Global
	GlobalSection(SolutionConfigurationPlatforms) = preSolution
		Debug|Any CPU = Debug|Any CPU
		Release|Any CPU = Release|Any CPU
	EndGlobalSection
	GlobalSection(ProjectConfigurationPlatforms) = postSolution
		{0B355CBB-0134-47EF-A11D-204210C2D64D}.Debug|Any CPU.ActiveCfg = Debug|Any CPU
		{0B355CBB-0134-47EF-A11D-204210C2D64D}.Debug|Any CPU.Build.0 = Debug|Any CPU
		{0B355CBB-0134-47EF-A11D-204210C2D64D}.Release|Any CPU.ActiveCfg = Release|Any CPU
		{0B355CBB-0134-47EF-A11D-204210C2D64D}.Release|Any CPU.Build.0 = Release|Any CPU
		{DBC94590-6626-4B97-B613-9A923ED6E334}.Debug|Any CPU.ActiveCfg = Debug|Any CPU
		{DBC94590-6626-4B97-B613-9A923ED6E334}.Debug|Any CPU.Build.0 = Debug|Any CPU
		{DBC94590-6626-4B97-B613-9A923ED6E334}.Release|Any CPU.ActiveCfg = Release|Any CPU
		{DBC94590-6626-4B97-B613-9A923ED6E334}.Release|Any CPU.Build.0 = Release|Any CPU
	EndGlobalSection
	GlobalSection(SolutionProperties) = preSolution
		HideSolutionNode = FALSE
	EndGlobalSection
	GlobalSection(ExtensibilityGlobals) = postSolution
		SolutionGuid = {90822F21-6768-4634-A6C3-AE4FA386A680}
	EndGlobalSection
EndGlobal
